
Microsoft Visual Studio Solution File, Format Version 12.00
# Visual Studio Version 17
VisualStudioVersion = 17.2.32526.322
MinimumVisualStudioVersion = 10.0.40219.1
Project("{9A19103F-16F7-4668-BE54-9A1E7A4F7556}") = "GroundedBot", "GroundedBot.csproj", "{DFEDD1C9-2632-4BBE-8298-E9C367B1597A}"
EndProject
Project("{2150E333-8FDC-42A3-9474-1A3956D46DE8}") = "Solution Items", "Solution Items", "{472B5A24-C1D7-4175-A64E-BBB7666A1650}"
	ProjectSection(SolutionItems) = preProject
		.editorconfig = .editorconfig
	EndProjectSection
EndProject
Global
	GlobalSection(SolutionConfigurationPlatforms) = preSolution
		Debug|Any CPU = Debug|Any CPU
		Release|Any CPU = Release|Any CPU
	EndGlobalSection
	GlobalSection(ProjectConfigurationPlatforms) = postSolution
		{DFEDD1C9-2632-4BBE-8298-E9C367B1597A}.Debug|Any CPU.ActiveCfg = Debug|Any CPU
		{DFEDD1C9-2632-4BBE-8298-E9C367B1597A}.Debug|Any CPU.Build.0 = Debug|Any CPU
		{DFEDD1C9-2632-4BBE-8298-E9C367B1597A}.Release|Any CPU.ActiveCfg = Release|Any CPU
		{DFEDD1C9-2632-4BBE-8298-E9C367B1597A}.Release|Any CPU.Build.0 = Release|Any CPU
	EndGlobalSection
	GlobalSection(SolutionProperties) = preSolution
		HideSolutionNode = FALSE
	EndGlobalSection
	GlobalSection(ExtensibilityGlobals) = postSolution
		SolutionGuid = {8187DB66-E670-47E1-862D-4578C7918A78}
	EndGlobalSection
EndGlobal
